// !$*UTF8*$!
{
	archiveVersion = 1;
	classes = {
	};
	objectVersion = 46;
	objects = {

/* Begin PBXBuildFile section */
		2DEEF3FF1E76DCD30089CE1F /* main.m in Sources */ = {isa = PBXBuildFile; fileRef = 2DEEF3FE1E76DCD30089CE1F /* main.m */; };
		2DEEF4021E76DCD30089CE1F /* AppDelegate.m in Sources */ = {isa = PBXBuildFile; fileRef = 2DEEF4011E76DCD30089CE1F /* AppDelegate.m */; };
		2DEEF4051E76DCD30089CE1F /* ViewController.m in Sources */ = {isa = PBXBuildFile; fileRef = 2DEEF4041E76DCD30089CE1F /* ViewController.m */; };
		2DEEF4081E76DCD30089CE1F /* Main.storyboard in Resources */ = {isa = PBXBuildFile; fileRef = 2DEEF4061E76DCD30089CE1F /* Main.storyboard */; };
		2DEEF40A1E76DCD30089CE1F /* Assets.xcassets in Resources */ = {isa = PBXBuildFile; fileRef = 2DEEF4091E76DCD30089CE1F /* Assets.xcassets */; };
		2DEEF40D1E76DCD30089CE1F /* LaunchScreen.storyboard in Resources */ = {isa = PBXBuildFile; fileRef = 2DEEF40B1E76DCD30089CE1F /* LaunchScreen.storyboard */; };
		2DEEF4181E76DCD30089CE1F /* WorldKnowTests.m in Sources */ = {isa = PBXBuildFile; fileRef = 2DEEF4171E76DCD30089CE1F /* WorldKnowTests.m */; };
		2DEEF4231E76DCD30089CE1F /* WorldKnowUITests.m in Sources */ = {isa = PBXBuildFile; fileRef = 2DEEF4221E76DCD30089CE1F /* WorldKnowUITests.m */; };
/* End PBXBuildFile section */

/* Begin PBXContainerItemProxy section */
		2DEEF4141E76DCD30089CE1F /* PBXContainerItemProxy */ = {
			isa = PBXContainerItemProxy;
			containerPortal = 2DEEF3F21E76DCD30089CE1F /* Project object */;
			proxyType = 1;
			remoteGlobalIDString = 2DEEF3F91E76DCD30089CE1F;
			remoteInfo = WorldKnow;
		};
		2DEEF41F1E76DCD30089CE1F /* PBXContainerItemProxy */ = {
			isa = PBXContainerItemProxy;
			containerPortal = 2DEEF3F21E76DCD30089CE1F /* Project object */;
			proxyType = 1;
			remoteGlobalIDString = 2DEEF3F91E76DCD30089CE1F;
			remoteInfo = WorldKnow;
		};
/* End PBXContainerItemProxy section */

/* Begin PBXFileReference section */
		2DEEF3FA1E76DCD30089CE1F /* WorldKnow.app */ = {isa = PBXFileReference; explicitFileType = wrapper.application; includeInIndex = 0; path = WorldKnow.app; sourceTree = BUILT_PRODUCTS_DIR; };
		2DEEF3FE1E76DCD30089CE1F /* main.m */ = {isa = PBXFileReference; lastKnownFileType = sourcecode.c.objc; path = main.m; sourceTree = "<group>"; };
		2DEEF4001E76DCD30089CE1F /* AppDelegate.h */ = {isa = PBXFileReference; lastKnownFileType = sourcecode.c.h; path = AppDelegate.h; sourceTree = "<group>"; };
		2DEEF4011E76DCD30089CE1F /* AppDelegate.m */ = {isa = PBXFileReference; lastKnownFileType = sourcecode.c.objc; path = AppDelegate.m; sourceTree = "<group>"; };
		2DEEF4031E76DCD30089CE1F /* ViewController.h */ = {isa = PBXFileReference; lastKnownFileType = sourcecode.c.h; path = ViewController.h; sourceTree = "<group>"; };
		2DEEF4041E76DCD30089CE1F /* ViewController.m */ = {isa = PBXFileReference; lastKnownFileType = sourcecode.c.objc; path = ViewController.m; sourceTree = "<group>"; };
		2DEEF4071E76DCD30089CE1F /* Base */ = {isa = PBXFileReference; lastKnownFileType = file.storyboard; name = Base; path = Base.lproj/Main.storyboard; sourceTree = "<group>"; };
		2DEEF4091E76DCD30089CE1F /* Assets.xcassets */ = {isa = PBXFileReference; lastKnownFileType = folder.assetcatalog; path = Assets.xcassets; sourceTree = "<group>"; };
		2DEEF40C1E76DCD30089CE1F /* Base */ = {isa = PBXFileReference; lastKnownFileType = file.storyboard; name = Base; path = Base.lproj/LaunchScreen.storyboard; sourceTree = "<group>"; };
		2DEEF40E1E76DCD30089CE1F /* Info.plist */ = {isa = PBXFileReference; lastKnownFileType = text.plist.xml; path = Info.plist; sourceTree = "<group>"; };
		2DEEF4131E76DCD30089CE1F /* WorldKnowTests.xctest */ = {isa = PBXFileReference; explicitFileType = wrapper.cfbundle; includeInIndex = 0; path = WorldKnowTests.xctest; sourceTree = BUILT_PRODUCTS_DIR; };
		2DEEF4171E76DCD30089CE1F /* WorldKnowTests.m */ = {isa = PBXFileReference; lastKnownFileType = sourcecode.c.objc; path = WorldKnowTests.m; sourceTree = "<group>"; };
		2DEEF4191E76DCD30089CE1F /* Info.plist */ = {isa = PBXFileReference; lastKnownFileType = text.plist.xml; path = Info.plist; sourceTree = "<group>"; };
		2DEEF41E1E76DCD30089CE1F /* WorldKnowUITests.xctest */ = {isa = PBXFileReference; explicitFileType = wrapper.cfbundle; includeInIndex = 0; path = WorldKnowUITests.xctest; sourceTree = BUILT_PRODUCTS_DIR; };
		2DEEF4221E76DCD30089CE1F /* WorldKnowUITests.m */ = {isa = PBXFileReference; lastKnownFileType = sourcecode.c.objc; path = WorldKnowUITests.m; sourceTree = "<group>"; };
		2DEEF4241E76DCD30089CE1F /* Info.plist */ = {isa = PBXFileReference; lastKnownFileType = text.plist.xml; path = Info.plist; sourceTree = "<group>"; };
/* End PBXFileReference section */

/* Begin PBXFrameworksBuildPhase section */
		2DEEF3F71E76DCD30089CE1F /* Frameworks */ = {
			isa = PBXFrameworksBuildPhase;
			buildActionMask = 2147483647;
			files = (
			);
			runOnlyForDeploymentPostprocessing = 0;
		};
		2DEEF4101E76DCD30089CE1F /* Frameworks */ = {
			isa = PBXFrameworksBuildPhase;
			buildActionMask = 2147483647;
			files = (
			);
			runOnlyForDeploymentPostprocessing = 0;
		};
		2DEEF41B1E76DCD30089CE1F /* Frameworks */ = {
			isa = PBXFrameworksBuildPhase;
			buildActionMask = 2147483647;
			files = (
			);
			runOnlyForDeploymentPostprocessing = 0;
		};
/* End PBXFrameworksBuildPhase section */

/* Begin PBXGroup section */
		2DEEF3F11E76DCD30089CE1F = {
			isa = PBXGroup;
			children = (
				2DEEF3FC1E76DCD30089CE1F /* WorldKnow */,
				2DEEF4161E76DCD30089CE1F /* WorldKnowTests */,
				2DEEF4211E76DCD30089CE1F /* WorldKnowUITests */,
				2DEEF3FB1E76DCD30089CE1F /* Products */,
			);
			sourceTree = "<group>";
		};
		2DEEF3FB1E76DCD30089CE1F /* Products */ = {
			isa = PBXGroup;
			children = (
				2DEEF3FA1E76DCD30089CE1F /* WorldKnow.app */,
				2DEEF4131E76DCD30089CE1F /* WorldKnowTests.xctest */,
				2DEEF41E1E76DCD30089CE1F /* WorldKnowUITests.xctest */,
			);
			name = Products;
			sourceTree = "<group>";
		};
		2DEEF3FC1E76DCD30089CE1F /* WorldKnow */ = {
			isa = PBXGroup;
			children = (
				2DEEF4001E76DCD30089CE1F /* AppDelegate.h */,
				2DEEF4011E76DCD30089CE1F /* AppDelegate.m */,
				2DEEF4031E76DCD30089CE1F /* ViewController.h */,
				2DEEF4041E76DCD30089CE1F /* ViewController.m */,
				2DEEF4061E76DCD30089CE1F /* Main.storyboard */,
				2DEEF4091E76DCD30089CE1F /* Assets.xcassets */,
				2DEEF40B1E76DCD30089CE1F /* LaunchScreen.storyboard */,
				2DEEF40E1E76DCD30089CE1F /* Info.plist */,
				2DEEF3FD1E76DCD30089CE1F /* Supporting Files */,
			);
			path = WorldKnow;
			sourceTree = "<group>";
		};
		2DEEF3FD1E76DCD30089CE1F /* Supporting Files */ = {
			isa = PBXGroup;
			children = (
				2DEEF3FE1E76DCD30089CE1F /* main.m */,
			);
			name = "Supporting Files";
			sourceTree = "<group>";
		};
		2DEEF4161E76DCD30089CE1F /* WorldKnowTests */ = {
			isa = PBXGroup;
			children = (
				2DEEF4171E76DCD30089CE1F /* WorldKnowTests.m */,
				2DEEF4191E76DCD30089CE1F /* Info.plist */,
			);
			path = WorldKnowTests;
			sourceTree = "<group>";
		};
		2DEEF4211E76DCD30089CE1F /* WorldKnowUITests */ = {
			isa = PBXGroup;
			children = (
				2DEEF4221E76DCD30089CE1F /* WorldKnowUITests.m */,
				2DEEF4241E76DCD30089CE1F /* Info.plist */,
			);
			path = WorldKnowUITests;
			sourceTree = "<group>";
		};
/* End PBXGroup section */

/* Begin PBXNativeTarget section */
		2DEEF3F91E76DCD30089CE1F /* WorldKnow */ = {
			isa = PBXNativeTarget;
			buildConfigurationList = 2DEEF4271E76DCD30089CE1F /* Build configuration list for PBXNativeTarget "WorldKnow" */;
			buildPhases = (
				2DEEF3F61E76DCD30089CE1F /* Sources */,
				2DEEF3F71E76DCD30089CE1F /* Frameworks */,
				2DEEF3F81E76DCD30089CE1F /* Resources */,
			);
			buildRules = (
			);
			dependencies = (
			);
			name = WorldKnow;
			productName = WorldKnow;
			productReference = 2DEEF3FA1E76DCD30089CE1F /* WorldKnow.app */;
			productType = "com.apple.product-type.application";
		};
		2DEEF4121E76DCD30089CE1F /* WorldKnowTests */ = {
			isa = PBXNativeTarget;
			buildConfigurationList = 2DEEF42A1E76DCD30089CE1F /* Build configuration list for PBXNativeTarget "WorldKnowTests" */;
			buildPhases = (
				2DEEF40F1E76DCD30089CE1F /* Sources */,
				2DEEF4101E76DCD30089CE1F /* Frameworks */,
				2DEEF4111E76DCD30089CE1F /* Resources */,
			);
			buildRules = (
			);
			dependencies = (
				2DEEF4151E76DCD30089CE1F /* PBXTargetDependency */,
			);
			name = WorldKnowTests;
			productName = WorldKnowTests;
			productReference = 2DEEF4131E76DCD30089CE1F /* WorldKnowTests.xctest */;
			productType = "com.apple.product-type.bundle.unit-test";
		};
		2DEEF41D1E76DCD30089CE1F /* WorldKnowUITests */ = {
			isa = PBXNativeTarget;
			buildConfigurationList = 2DEEF42D1E76DCD30089CE1F /* Build configuration list for PBXNativeTarget "WorldKnowUITests" */;
			buildPhases = (
				2DEEF41A1E76DCD30089CE1F /* Sources */,
				2DEEF41B1E76DCD30089CE1F /* Frameworks */,
				2DEEF41C1E76DCD30089CE1F /* Resources */,
			);
			buildRules = (
			);
			dependencies = (
				2DEEF4201E76DCD30089CE1F /* PBXTargetDependency */,
			);
			name = WorldKnowUITests;
			productName = WorldKnowUITests;
			productReference = 2DEEF41E1E76DCD30089CE1F /* WorldKnowUITests.xctest */;
			productType = "com.apple.product-type.bundle.ui-testing";
		};
/* End PBXNativeTarget section */

/* Begin PBXProject section */
		2DEEF3F21E76DCD30089CE1F /* Project object */ = {
			isa = PBXProject;
			attributes = {
				LastUpgradeCheck = 0820;
				ORGANIZATIONNAME = "张福润";
				TargetAttributes = {
					2DEEF3F91E76DCD30089CE1F = {
						CreatedOnToolsVersion = 8.2.1;
						DevelopmentTeam = C592BC3464;
						ProvisioningStyle = Automatic;
					};
					2DEEF4121E76DCD30089CE1F = {
						CreatedOnToolsVersion = 8.2.1;
						DevelopmentTeam = C592BC3464;
						ProvisioningStyle = Automatic;
						TestTargetID = 2DEEF3F91E76DCD30089CE1F;
					};
					2DEEF41D1E76DCD30089CE1F = {
						CreatedOnToolsVersion = 8.2.1;
						DevelopmentTeam = C592BC3464;
						ProvisioningStyle = Automatic;
						TestTargetID = 2DEEF3F91E76DCD30089CE1F;
					};
				};
			};
			buildConfigurationList = 2DEEF3F51E76DCD30089CE1F /* Build configuration list for PBXProject "WorldKnow" */;
			compatibilityVersion = "Xcode 3.2";
			developmentRegion = English;
			hasScannedForEncodings = 0;
			knownRegions = (
				en,
				Base,
			);
			mainGroup = 2DEEF3F11E76DCD30089CE1F;
			productRefGroup = 2DEEF3FB1E76DCD30089CE1F /* Products */;
			projectDirPath = "";
			projectRoot = "";
			targets = (
				2DEEF3F91E76DCD30089CE1F /* WorldKnow */,
				2DEEF4121E76DCD30089CE1F /* WorldKnowTests */,
				2DEEF41D1E76DCD30089CE1F /* WorldKnowUITests */,
			);
		};
/* End PBXProject section */

/* Begin PBXResourcesBuildPhase section */
		2DEEF3F81E76DCD30089CE1F /* Resources */ = {
			isa = PBXResourcesBuildPhase;
			buildActionMask = 2147483647;
			files = (
				2DEEF40D1E76DCD30089CE1F /* LaunchScreen.storyboard in Resources */,
				2DEEF40A1E76DCD30089CE1F /* Assets.xcassets in Resources */,
				2DEEF4081E76DCD30089CE1F /* Main.storyboard in Resources */,
			);
			runOnlyForDeploymentPostprocessing = 0;
		};
		2DEEF4111E76DCD30089CE1F /* Resources */ = {
			isa = PBXResourcesBuildPhase;
			buildActionMask = 2147483647;
			files = (
			);
			runOnlyForDeploymentPostprocessing = 0;
		};
		2DEEF41C1E76DCD30089CE1F /* Resources */ = {
			isa = PBXResourcesBuildPhase;
			buildActionMask = 2147483647;
			files = (
			);
			runOnlyForDeploymentPostprocessing = 0;
		};
/* End PBXResourcesBuildPhase section */

/* Begin PBXSourcesBuildPhase section */
		2DEEF3F61E76DCD30089CE1F /* Sources */ = {
			isa = PBXSourcesBuildPhase;
			buildActionMask = 2147483647;
			files = (
				2DEEF4051E76DCD30089CE1F /* ViewController.m in Sources */,
				2DEEF4021E76DCD30089CE1F /* AppDelegate.m in Sources */,
				2DEEF3FF1E76DCD30089CE1F /* main.m in Sources */,
			);
			runOnlyForDeploymentPostprocessing = 0;
		};
		2DEEF40F1E76DCD30089CE1F /* Sources */ = {
			isa = PBXSourcesBuildPhase;
			buildActionMask = 2147483647;
			files = (
				2DEEF4181E76DCD30089CE1F /* WorldKnowTests.m in Sources */,
			);
			runOnlyForDeploymentPostprocessing = 0;
		};
		2DEEF41A1E76DCD30089CE1F /* Sources */ = {
			isa = PBXSourcesBuildPhase;
			buildActionMask = 2147483647;
			files = (
				2DEEF4231E76DCD30089CE1F /* WorldKnowUITests.m in Sources */,
			);
			runOnlyForDeploymentPostprocessing = 0;
		};
/* End PBXSourcesBuildPhase section */

/* Begin PBXTargetDependency section */
		2DEEF4151E76DCD30089CE1F /* PBXTargetDependency */ = {
			isa = PBXTargetDependency;
			target = 2DEEF3F91E76DCD30089CE1F /* WorldKnow */;
			targetProxy = 2DEEF4141E76DCD30089CE1F /* PBXContainerItemProxy */;
		};
		2DEEF4201E76DCD30089CE1F /* PBXTargetDependency */ = {
			isa = PBXTargetDependency;
			target = 2DEEF3F91E76DCD30089CE1F /* WorldKnow */;
			targetProxy = 2DEEF41F1E76DCD30089CE1F /* PBXContainerItemProxy */;
		};
/* End PBXTargetDependency section */

/* Begin PBXVariantGroup section */
		2DEEF4061E76DCD30089CE1F /* Main.storyboard */ = {
			isa = PBXVariantGroup;
			children = (
				2DEEF4071E76DCD30089CE1F /* Base */,
			);
			name = Main.storyboard;
			sourceTree = "<group>";
		};
		2DEEF40B1E76DCD30089CE1F /* LaunchScreen.storyboard */ = {
			isa = PBXVariantGroup;
			children = (
				2DEEF40C1E76DCD30089CE1F /* Base */,
			);
			name = LaunchScreen.storyboard;
			sourceTree = "<group>";
		};
/* End PBXVariantGroup section */

/* Begin XCBuildConfiguration section */
		2DEEF4251E76DCD30089CE1F /* Debug */ = {
			isa = XCBuildConfiguration;
			buildSettings = {
				ALWAYS_SEARCH_USER_PATHS = NO;
				CLANG_ANALYZER_NONNULL = YES;
				CLANG_CXX_LANGUAGE_STANDARD = "gnu++0x";
				CLANG_CXX_LIBRARY = "libc++";
				CLANG_ENABLE_MODULES = YES;
				CLANG_ENABLE_OBJC_ARC = YES;
				CLANG_WARN_BOOL_CONVERSION = YES;
				CLANG_WARN_CONSTANT_CONVERSION = YES;
				CLANG_WARN_DIRECT_OBJC_ISA_USAGE = YES_ERROR;
				CLANG_WARN_DOCUMENTATION_COMMENTS = YES;
				CLANG_WARN_EMPTY_BODY = YES;
				CLANG_WARN_ENUM_CONVERSION = YES;
				CLANG_WARN_INFINITE_RECURSION = YES;
				CLANG_WARN_INT_CONVERSION = YES;
				CLANG_WARN_OBJC_ROOT_CLASS = YES_ERROR;
				CLANG_WARN_SUSPICIOUS_MOVE = YES;
				CLANG_WARN_UNREACHABLE_CODE = YES;
				CLANG_WARN__DUPLICATE_METHOD_MATCH = YES;
				"CODE_SIGN_IDENTITY[sdk=iphoneos*]" = "iPhone Developer";
				COPY_PHASE_STRIP = NO;
				DEBUG_INFORMATION_FORMAT = dwarf;
				ENABLE_STRICT_OBJC_MSGSEND = YES;
				ENABLE_TESTABILITY = YES;
				GCC_C_LANGUAGE_STANDARD = gnu99;
				GCC_DYNAMIC_NO_PIC = NO;
				GCC_NO_COMMON_BLOCKS = YES;
				GCC_OPTIMIZATION_LEVEL = 0;
				GCC_PREPROCESSOR_DEFINITIONS = (
					"DEBUG=1",
					"$(inherited)",
				);
				GCC_WARN_64_TO_32_BIT_CONVERSION = YES;
				GCC_WARN_ABOUT_RETURN_TYPE = YES_ERROR;
				GCC_WARN_UNDECLARED_SELECTOR = YES;
				GCC_WARN_UNINITIALIZED_AUTOS = YES_AGGRESSIVE;
				GCC_WARN_UNUSED_FUNCTION = YES;
				GCC_WARN_UNUSED_VARIABLE = YES;
				IPHONEOS_DEPLOYMENT_TARGET = 10.2;
				MTL_ENABLE_DEBUG_INFO = YES;
				ONLY_ACTIVE_ARCH = YES;
				SDKROOT = iphoneos;
				TARGETED_DEVICE_FAMILY = "1,2";
			};
			name = Debug;
		};
		2DEEF4261E76DCD30089CE1F /* Release */ = {
			isa = XCBuildConfiguration;
			buildSettings = {
				ALWAYS_SEARCH_USER_PATHS = NO;
				CLANG_ANALYZER_NONNULL = YES;
				CLANG_CXX_LANGUAGE_STANDARD = "gnu++0x";
				CLANG_CXX_LIBRARY = "libc++";
				CLANG_ENABLE_MODULES = YES;
				CLANG_ENABLE_OBJC_ARC = YES;
				CLANG_WARN_BOOL_CONVERSION = YES;
				CLANG_WARN_CONSTANT_CONVERSION = YES;
				CLANG_WARN_DIRECT_OBJC_ISA_USAGE = YES_ERROR;
				CLANG_WARN_DOCUMENTATION_COMMENTS = YES;
				CLANG_WARN_EMPTY_BODY = YES;
				CLANG_WARN_ENUM_CONVERSION = YES;
				CLANG_WARN_INFINITE_RECURSION = YES;
				CLANG_WARN_INT_CONVERSION = YES;
				CLANG_WARN_OBJC_ROOT_CLASS = YES_ERROR;
				CLANG_WARN_SUSPICIOUS_MOVE = YES;
				CLANG_WARN_UNREACHABLE_CODE = YES;
				CLANG_WARN__DUPLICATE_METHOD_MATCH = YES;
				"CODE_SIGN_IDENTITY[sdk=iphoneos*]" = "iPhone Developer";
				COPY_PHASE_STRIP = NO;
				DEBUG_INFORMATION_FORMAT = "dwarf-with-dsym";
				ENABLE_NS_ASSERTIONS = NO;
				ENABLE_STRICT_OBJC_MSGSEND = YES;
				GCC_C_LANGUAGE_STANDARD = gnu99;
				GCC_NO_COMMON_BLOCKS = YES;
				GCC_WARN_64_TO_32_BIT_CONVERSION = YES;
				GCC_WARN_ABOUT_RETURN_TYPE = YES_ERROR;
				GCC_WARN_UNDECLARED_SELECTOR = YES;
				GCC_WARN_UNINITIALIZED_AUTOS = YES_AGGRESSIVE;
				GCC_WARN_UNUSED_FUNCTION = YES;
				GCC_WARN_UNUSED_VARIABLE = YES;
				IPHONEOS_DEPLOYMENT_TARGET = 10.2;
				MTL_ENABLE_DEBUG_INFO = NO;
				SDKROOT = iphoneos;
				TARGETED_DEVICE_FAMILY = "1,2";
				VALIDATE_PRODUCT = YES;
			};
			name = Release;
		};
		2DEEF4281E76DCD30089CE1F /* Debug */ = {
			isa = XCBuildConfiguration;
			buildSettings = {
				ASSETCATALOG_COMPILER_APPICON_NAME = AppIcon;
				DEVELOPMENT_TEAM = C592BC3464;
				INFOPLIST_FILE = WorldKnow/Info.plist;
				LD_RUNPATH_SEARCH_PATHS = "$(inherited) @executable_path/Frameworks";
				PRODUCT_BUNDLE_IDENTIFIER = com.zhangfurun.WorldKnowWithMy;
				PRODUCT_NAME = "$(TARGET_NAME)";
			};
			name = Debug;
		};
		2DEEF4291E76DCD30089CE1F /* Release */ = {
			isa = XCBuildConfiguration;
			buildSettings = {
				ASSETCATALOG_COMPILER_APPICON_NAME = AppIcon;
				DEVELOPMENT_TEAM = C592BC3464;
				INFOPLIST_FILE = WorldKnow/Info.plist;
				LD_RUNPATH_SEARCH_PATHS = "$(inherited) @executable_path/Frameworks";
				PRODUCT_BUNDLE_IDENTIFIER = com.zhangfurun.WorldKnowWithMy;
				PRODUCT_NAME = "$(TARGET_NAME)";
			};
			name = Release;
		};
		2DEEF42B1E76DCD30089CE1F /* Debug */ = {
			isa = XCBuildConfiguration;
			buildSettings = {
				BUNDLE_LOADER = "$(TEST_HOST)";
				DEVELOPMENT_TEAM = C592BC3464;
				INFOPLIST_FILE = WorldKnowTests/Info.plist;
				LD_RUNPATH_SEARCH_PATHS = "$(inherited) @executable_path/Frameworks @loader_path/Frameworks";
				PRODUCT_BUNDLE_IDENTIFIER = com.zhangfurun.WorldKnowTests;
				PRODUCT_NAME = "$(TARGET_NAME)";
				TEST_HOST = "$(BUILT_PRODUCTS_DIR)/WorldKnow.app/WorldKnow";
			};
			name = Debug;
		};
		2DEEF42C1E76DCD30089CE1F /* Release */ = {
			isa = XCBuildConfiguration;
			buildSettings = {
				BUNDLE_LOADER = "$(TEST_HOST)";
				DEVELOPMENT_TEAM = C592BC3464;
				INFOPLIST_FILE = WorldKnowTests/Info.plist;
				LD_RUNPATH_SEARCH_PATHS = "$(inherited) @executable_path/Frameworks @loader_path/Frameworks";
				PRODUCT_BUNDLE_IDENTIFIER = com.zhangfurun.WorldKnowTests;
				PRODUCT_NAME = "$(TARGET_NAME)";
				TEST_HOST = "$(BUILT_PRODUCTS_DIR)/WorldKnow.app/WorldKnow";
			};
			name = Release;
		};
		2DEEF42E1E76DCD30089CE1F /* Debug */ = {
			isa = XCBuildConfiguration;
			buildSettings = {
				DEVELOPMENT_TEAM = C592BC3464;
				INFOPLIST_FILE = WorldKnowUITests/Info.plist;
				LD_RUNPATH_SEARCH_PATHS = "$(inherited) @executable_path/Frameworks @loader_path/Frameworks";
				PRODUCT_BUNDLE_IDENTIFIER = com.zhangfurun.WorldKnowUITests;
				PRODUCT_NAME = "$(TARGET_NAME)";
				TEST_TARGET_NAME = WorldKnow;
			};
			name = Debug;
		};
		2DEEF42F1E76DCD30089CE1F /* Release */ = {
			isa = XCBuildConfiguration;
			buildSettings = {
				DEVELOPMENT_TEAM = C592BC3464;
				INFOPLIST_FILE = WorldKnowUITests/Info.plist;
				LD_RUNPATH_SEARCH_PATHS = "$(inherited) @executable_path/Frameworks @loader_path/Frameworks";
				PRODUCT_BUNDLE_IDENTIFIER = com.zhangfurun.WorldKnowUITests;
				PRODUCT_NAME = "$(TARGET_NAME)";
				TEST_TARGET_NAME = WorldKnow;
			};
			name = Release;
		};
/* End XCBuildConfiguration section */

/* Begin XCConfigurationList section */
		2DEEF3F51E76DCD30089CE1F /* Build configuration list for PBXProject "WorldKnow" */ = {
			isa = XCConfigurationList;
			buildConfigurations = (
				2DEEF4251E76DCD30089CE1F /* Debug */,
				2DEEF4261E76DCD30089CE1F /* Release */,
			);
			defaultConfigurationIsVisible = 0;
			defaultConfigurationName = Release;
		};
		2DEEF4271E76DCD30089CE1F /* Build configuration list for PBXNativeTarget "WorldKnow" */ = {
			isa = XCConfigurationList;
			buildConfigurations = (
				2DEEF4281E76DCD30089CE1F /* Debug */,
				2DEEF4291E76DCD30089CE1F /* Release */,
			);
			defaultConfigurationIsVisible = 0;
		};
		2DEEF42A1E76DCD30089CE1F /* Build configuration list for PBXNativeTarget "WorldKnowTests" */ = {
			isa = XCConfigurationList;
			buildConfigurations = (
				2DEEF42B1E76DCD30089CE1F /* Debug */,
				2DEEF42C1E76DCD30089CE1F /* Release */,
			);
			defaultConfigurationIsVisible = 0;
		};
		2DEEF42D1E76DCD30089CE1F /* Build configuration list for PBXNativeTarget "WorldKnowUITests" */ = {
			isa = XCConfigurationList;
			buildConfigurations = (
				2DEEF42E1E76DCD30089CE1F /* Debug */,
				2DEEF42F1E76DCD30089CE1F /* Release */,
			);
			defaultConfigurationIsVisible = 0;
		};
/* End XCConfigurationList section */
	};
	rootObject = 2DEEF3F21E76DCD30089CE1F /* Project object */;
}
